{
    "name": "@spacebarchat/pion-webrtc",
    "version": "0.0.1",
    "lockfileVersion": 3,
    "requires": true,
    "packages": {
        "": {
            "name": "@spacebarchat/pion-webrtc",
            "version": "0.0.1",
            "license": "AGPL-3.0-only",
            "dependencies": {
                "semantic-sdp": "^3.31.1"
            },
            "devDependencies": {
                "@spacebarchat/spacebar-webrtc-types": "^1.0.1",
                "@types/node": "^20.17.1",
                "typescript": "^5.6.3"
            },
            "peerDependencies": {
                "@spacebarchat/spacebar-webrtc-types": "^1.0.1"
            }
        },
        "node_modules/@spacebarchat/spacebar-webrtc-types": {
            "version": "1.0.1",
            "resolved": "https://registry.npmjs.org/@spacebarchat/spacebar-webrtc-types/-/spacebar-webrtc-types-1.0.1.tgz",
            "integrity": "sha512-WfBRUN2520w7o5vU9HNDug9alNvydQP7H/jwAy8LeHTHwlMMUw/60A54FQDIAtsahw787fR3QZ83UGjhKDzDTg==",
            "dev": true,
            "license": "AGPL-3.0-only"
        },
        "node_modules/@types/node": {
            "version": "20.19.9",
            "resolved": "https://registry.npmjs.org/@types/node/-/node-20.19.9.tgz",
            "integrity": "sha512-cuVNgarYWZqxRJDQHEB58GEONhOK79QVR/qYx4S7kcUObQvUwvFnYxJuuHUKm2aieN9X3yZB4LZsuYNU1Qphsw==",
            "dev": true,
            "license": "MIT",
            "dependencies": {
                "undici-types": "~6.21.0"
            }
        },
        "node_modules/equals-ignore-case": {
            "version": "1.0.1",
            "resolved": "https://registry.npmjs.org/equals-ignore-case/-/equals-ignore-case-1.0.1.tgz",
            "integrity": "sha512-krgK/Px09jhcc7wK5/lxApRv7XmIT/fSgrMwdaW/V1FmPJEIJMNGEMhe0U9tJ/97rPe75MHKPRqi7/8Tqz6NMA==",
            "license": "ISC"
        },
        "node_modules/randombytes": {
            "version": "2.1.0",
            "resolved": "https://registry.npmjs.org/randombytes/-/randombytes-2.1.0.tgz",
            "integrity": "sha512-vYl3iOX+4CKUWuxGi9Ukhie6fsqXqS9FE2Zaic4tNFD2N2QQaXOMFbuKK4QmDHC0JO6B1Zp41J0LpT0oR68amQ==",
            "license": "MIT",
            "dependencies": {
                "safe-buffer": "^5.1.0"
            }
        },
        "node_modules/safe-buffer": {
            "version": "5.2.1",
            "resolved": "https://registry.npmjs.org/safe-buffer/-/safe-buffer-5.2.1.tgz",
            "integrity": "sha512-rp3So07KcdmmKbGvgaNxQSJr7bGVSVk5S9Eq1F+ppbRo70+YeaDxkw5Dd8NPN+GD6bjnYm2VuPuCXmpuYvmCXQ==",
            "funding": [
                {
                    "type": "github",
                    "url": "https://github.com/sponsors/feross"
                },
                {
                    "type": "patreon",
                    "url": "https://www.patreon.com/feross"
                },
                {
                    "type": "consulting",
                    "url": "https://feross.org/support"
                }
            ],
            "license": "MIT"
        },
        "node_modules/sdp-transform": {
            "version": "2.15.0",
            "resolved": "https://registry.npmjs.org/sdp-transform/-/sdp-transform-2.15.0.tgz",
            "integrity": "sha512-KrOH82c/W+GYQ0LHqtr3caRpM3ITglq3ljGUIb8LTki7ByacJZ9z+piSGiwZDsRyhQbYBOBJgr2k6X4BZXi3Kw==",
            "license": "MIT",
            "bin": {
                "sdp-verify": "checker.js"
            }
        },
        "node_modules/semantic-sdp": {
            "version": "3.31.1",
            "resolved": "https://registry.npmjs.org/semantic-sdp/-/semantic-sdp-3.31.1.tgz",
            "integrity": "sha512-esBGP11uWeHyvGwqDT1sf1p45H+kb7m5D49TIBHwYXXepzDFD24ar91eIwBQ8kwWWO8MNZfizsZ7CvBgYV9GuA==",
            "license": "MIT",
            "dependencies": {
                "equals-ignore-case": "^1.0.0",
                "randombytes": "^2.0.3",
                "sdp-transform": "^2"
            }
        },
        "node_modules/typescript": {
            "version": "5.9.2",
            "resolved": "https://registry.npmjs.org/typescript/-/typescript-5.9.2.tgz",
            "integrity": "sha512-CWBzXQrc/qOkhidw1OzBTQuYRbfyxDXJMVJ1XNwUHGROVmuaeiEm3OslpZ1RV96d7SKKjZKrSJu3+t/xlw3R9A==",
            "dev": true,
            "license": "Apache-2.0",
            "bin": {
                "tsc": "bin/tsc",
                "tsserver": "bin/tsserver"
            },
            "engines": {
                "node": ">=14.17"
            }
        },
        "node_modules/undici-types": {
            "version": "6.21.0",
            "resolved": "https://registry.npmjs.org/undici-types/-/undici-types-6.21.0.tgz",
            "integrity": "sha512-iwDZqg0QAGrg9Rav5H4n0M64c3mkR59cJ6wQp+7C4nI0gsmExaedaYLNO44eT4AtBBwjbTiGPMlt2Md0T9H9JQ==",
            "dev": true,
            "license": "MIT"
        }
    }
}
